{
  "name": "rescript-web-tree-sitter",
  "version": "0.1.0",
  "lockfileVersion": 2,
  "requires": true,
  "packages": {
    "": {
      "name": "rescript-web-tree-sitter",
      "version": "0.1.0",
      "license": "MIT",
      "dependencies": {
        "web-tree-sitter": "^0.20.7"
      },
      "devDependencies": {
        "rescript": "^10.1.0-rc.5",
        "rescript-nodejs": "^14.3.1"
      }
    },
    "node_modules/rescript": {
      "version": "10.1.0-rc.5",
      "resolved": "https://registry.npmjs.org/rescript/-/rescript-10.1.0-rc.5.tgz",
      "integrity": "sha512-57/4oETx9s0uiCof1Yfo/SU3kyDE/AHf2RjMpIpdXeYhaa62C0f15cbLCAHehJEy/L6kJUHoQBzNqQ0OuumcSQ==",
      "dev": true,
      "hasInstallScript": true,
      "bin": {
        "bsc": "bsc",
        "bsrefmt": "bsrefmt",
        "bstracing": "lib/bstracing",
        "rescript": "rescript"
      }
    },
    "node_modules/rescript-nodejs": {
      "version": "14.3.1",
      "resolved": "https://registry.npmjs.org/rescript-nodejs/-/rescript-nodejs-14.3.1.tgz",
      "integrity": "sha512-oiQo2Rd6lb8TAkB6NT3IVFJcKanSoIC9+SrBTT6OKQtGvAIi6Dd9CNoGA4pbOUXcg8+lza6vhy/YWYzYBYKt3g==",
      "dev": true
    },
    "node_modules/web-tree-sitter": {
      "version": "0.20.7",
      "resolved": "https://registry.npmjs.org/web-tree-sitter/-/web-tree-sitter-0.20.7.tgz",
      "integrity": "sha512-flC9JJmTII9uAeeYpWF8hxDJ7bfY+leldQryetll8Nv4WgI+MXc6h7TiyAZASWl9uC9TvmfdgOjZn1DAQecb3A=="
    }
  },
  "dependencies": {
    "rescript": {
      "version": "10.1.0-rc.5",
      "resolved": "https://registry.npmjs.org/rescript/-/rescript-10.1.0-rc.5.tgz",
      "integrity": "sha512-57/4oETx9s0uiCof1Yfo/SU3kyDE/AHf2RjMpIpdXeYhaa62C0f15cbLCAHehJEy/L6kJUHoQBzNqQ0OuumcSQ==",
      "dev": true
    },
    "rescript-nodejs": {
      "version": "14.3.1",
      "resolved": "https://registry.npmjs.org/rescript-nodejs/-/rescript-nodejs-14.3.1.tgz",
      "integrity": "sha512-oiQo2Rd6lb8TAkB6NT3IVFJcKanSoIC9+SrBTT6OKQtGvAIi6Dd9CNoGA4pbOUXcg8+lza6vhy/YWYzYBYKt3g==",
      "dev": true
    },
    "web-tree-sitter": {
      "version": "0.20.7",
      "resolved": "https://registry.npmjs.org/web-tree-sitter/-/web-tree-sitter-0.20.7.tgz",
      "integrity": "sha512-flC9JJmTII9uAeeYpWF8hxDJ7bfY+leldQryetll8Nv4WgI+MXc6h7TiyAZASWl9uC9TvmfdgOjZn1DAQecb3A=="
    }
  }
}
